
Microsoft Visual Studio Solution File, Format Version 12.00
# Visual Studio Version 16
VisualStudioVersion = 16.0.31424.327
MinimumVisualStudioVersion = 10.0.40219.1
Project("{FAE04EC0-301F-11D3-BF4B-00C04F79EFBC}") = "AutoMapperBlog", "AutoMapperBlog\AutoMapperBlog.csproj", "{D97207AF-990F-4912-9134-CC3C14E22360}"
EndProject
Global
	GlobalSection(SolutionConfigurationPlatforms) = preSolution
		Debug|Any CPU = Debug|Any CPU
		Release|Any CPU = Release|Any CPU
	EndGlobalSection
	GlobalSection(ProjectConfigurationPlatforms) = postSolution
		{D97207AF-990F-4912-9134-CC3C14E22360}.Debug|Any CPU.ActiveCfg = Debug|Any CPU
		{D97207AF-990F-4912-9134-CC3C14E22360}.Debug|Any CPU.Build.0 = Debug|Any CPU
		{D97207AF-990F-4912-9134-CC3C14E22360}.Release|Any CPU.ActiveCfg = Release|Any CPU
		{D97207AF-990F-4912-9134-CC3C14E22360}.Release|Any CPU.Build.0 = Release|Any CPU
	EndGlobalSection
	GlobalSection(SolutionProperties) = preSolution
		HideSolutionNode = FALSE
	EndGlobalSection
	GlobalSection(ExtensibilityGlobals) = postSolution
		SolutionGuid = {14CF4A43-FD51-40A5-A370-8DEE4EAEAA4E}
	EndGlobalSection
EndGlobal
